
Microsoft Visual Studio Solution File, Format Version 11.00
# Visual Studio 2010
Project("{FAE04EC0-301F-11D3-BF4B-00C04F79EFBC}") = "Lesson6", "Assembly-CSharp.csproj", "{C35F6F57-4FD1-B4E6-BE02-7333F5666981}"
EndProject
Project("{FAE04EC0-301F-11D3-BF4B-00C04F79EFBC}") = "Lesson6", "Assembly-CSharp-Editor.csproj", "{9C65D239-0432-BEDE-25B0-A705662E747A}"
EndProject
Global
	GlobalSection(SolutionConfigurationPlatforms) = preSolution
		Debug|Any CPU = Debug|Any CPU
		Release|Any CPU = Release|Any CPU
	EndGlobalSection
	GlobalSection(ProjectConfigurationPlatforms) = postSolution
		{C35F6F57-4FD1-B4E6-BE02-7333F5666981}.Debug|Any CPU.ActiveCfg = Debug|Any CPU
		{C35F6F57-4FD1-B4E6-BE02-7333F5666981}.Debug|Any CPU.Build.0 = Debug|Any CPU
		{C35F6F57-4FD1-B4E6-BE02-7333F5666981}.Release|Any CPU.ActiveCfg = Release|Any CPU
		{C35F6F57-4FD1-B4E6-BE02-7333F5666981}.Release|Any CPU.Build.0 = Release|Any CPU
		{9C65D239-0432-BEDE-25B0-A705662E747A}.Debug|Any CPU.ActiveCfg = Debug|Any CPU
		{9C65D239-0432-BEDE-25B0-A705662E747A}.Debug|Any CPU.Build.0 = Debug|Any CPU
		{9C65D239-0432-BEDE-25B0-A705662E747A}.Release|Any CPU.ActiveCfg = Release|Any CPU
		{9C65D239-0432-BEDE-25B0-A705662E747A}.Release|Any CPU.Build.0 = Release|Any CPU
	EndGlobalSection
	GlobalSection(SolutionProperties) = preSolution
		HideSolutionNode = FALSE
	EndGlobalSection
	GlobalSection(MonoDevelopProperties) = preSolution
		StartupItem = Assembly-CSharp.csproj
	EndGlobalSection
EndGlobal
